// !$*UTF8*$!
{
	archiveVersion = 1;
	classes = {
	};
	objectVersion = 50;
	objects = {

/* Begin PBXBuildFile section */
		AD26062322B10D470068D0A4 /* AppDelegate.swift in Sources */ = {isa = PBXBuildFile; fileRef = AD26062222B10D470068D0A4 /* AppDelegate.swift */; };
		AD26062522B10D470068D0A4 /* ViewController.swift in Sources */ = {isa = PBXBuildFile; fileRef = AD26062422B10D470068D0A4 /* ViewController.swift */; };
		AD26062822B10D470068D0A4 /* Main.storyboard in Resources */ = {isa = PBXBuildFile; fileRef = AD26062622B10D470068D0A4 /* Main.storyboard */; };
		AD26062A22B10D4B0068D0A4 /* Assets.xcassets in Resources */ = {isa = PBXBuildFile; fileRef = AD26062922B10D4B0068D0A4 /* Assets.xcassets */; };
		AD26062D22B10D4B0068D0A4 /* LaunchScreen.storyboard in Resources */ = {isa = PBXBuildFile; fileRef = AD26062B22B10D4B0068D0A4 /* LaunchScreen.storyboard */; };
		AD26063522B12CC30068D0A4 /* TappableLabel.swift in Sources */ = {isa = PBXBuildFile; fileRef = AD26063422B12CC30068D0A4 /* TappableLabel.swift */; };
/* End PBXBuildFile section */

/* Begin PBXFileReference section */
		AD26061F22B10D470068D0A4 /* TappableLabel.app */ = {isa = PBXFileReference; explicitFileType = wrapper.application; includeInIndex = 0; path = TappableLabel.app; sourceTree = BUILT_PRODUCTS_DIR; };
		AD26062222B10D470068D0A4 /* AppDelegate.swift */ = {isa = PBXFileReference; lastKnownFileType = sourcecode.swift; path = AppDelegate.swift; sourceTree = "<group>"; };
		AD26062422B10D470068D0A4 /* ViewController.swift */ = {isa = PBXFileReference; lastKnownFileType = sourcecode.swift; path = ViewController.swift; sourceTree = "<group>"; };
		AD26062722B10D470068D0A4 /* Base */ = {isa = PBXFileReference; lastKnownFileType = file.storyboard; name = Base; path = Base.lproj/Main.storyboard; sourceTree = "<group>"; };
		AD26062922B10D4B0068D0A4 /* Assets.xcassets */ = {isa = PBXFileReference; lastKnownFileType = folder.assetcatalog; path = Assets.xcassets; sourceTree = "<group>"; };
		AD26062C22B10D4B0068D0A4 /* Base */ = {isa = PBXFileReference; lastKnownFileType = file.storyboard; name = Base; path = Base.lproj/LaunchScreen.storyboard; sourceTree = "<group>"; };
		AD26062E22B10D4B0068D0A4 /* Info.plist */ = {isa = PBXFileReference; lastKnownFileType = text.plist.xml; path = Info.plist; sourceTree = "<group>"; };
		AD26063422B12CC30068D0A4 /* TappableLabel.swift */ = {isa = PBXFileReference; lastKnownFileType = sourcecode.swift; path = TappableLabel.swift; sourceTree = "<group>"; };
/* End PBXFileReference section */

/* Begin PBXFrameworksBuildPhase section */
		AD26061C22B10D470068D0A4 /* Frameworks */ = {
			isa = PBXFrameworksBuildPhase;
			buildActionMask = 2147483647;
			files = (
			);
			runOnlyForDeploymentPostprocessing = 0;
		};
/* End PBXFrameworksBuildPhase section */

/* Begin PBXGroup section */
		AD26061622B10D470068D0A4 = {
			isa = PBXGroup;
			children = (
				AD26062122B10D470068D0A4 /* TappableLabel */,
				AD26062022B10D470068D0A4 /* Products */,
			);
			sourceTree = "<group>";
		};
		AD26062022B10D470068D0A4 /* Products */ = {
			isa = PBXGroup;
			children = (
				AD26061F22B10D470068D0A4 /* TappableLabel.app */,
			);
			name = Products;
			sourceTree = "<group>";
		};
		AD26062122B10D470068D0A4 /* TappableLabel */ = {
			isa = PBXGroup;
			children = (
				AD26062222B10D470068D0A4 /* AppDelegate.swift */,
				AD26063422B12CC30068D0A4 /* TappableLabel.swift */,
				AD26062422B10D470068D0A4 /* ViewController.swift */,
				AD26062622B10D470068D0A4 /* Main.storyboard */,
				AD26062922B10D4B0068D0A4 /* Assets.xcassets */,
				AD26062B22B10D4B0068D0A4 /* LaunchScreen.storyboard */,
				AD26062E22B10D4B0068D0A4 /* Info.plist */,
			);
			path = TappableLabel;
			sourceTree = "<group>";
		};
/* End PBXGroup section */

/* Begin PBXNativeTarget section */
		AD26061E22B10D470068D0A4 /* TappableLabel */ = {
			isa = PBXNativeTarget;
			buildConfigurationList = AD26063122B10D4B0068D0A4 /* Build configuration list for PBXNativeTarget "TappableLabel" */;
			buildPhases = (
				AD26061B22B10D470068D0A4 /* Sources */,
				AD26061C22B10D470068D0A4 /* Frameworks */,
				AD26061D22B10D470068D0A4 /* Resources */,
			);
			buildRules = (
			);
			dependencies = (
			);
			name = TappableLabel;
			productName = TappableLabel;
			productReference = AD26061F22B10D470068D0A4 /* TappableLabel.app */;
			productType = "com.apple.product-type.application";
		};
/* End PBXNativeTarget section */

/* Begin PBXProject section */
		AD26061722B10D470068D0A4 /* Project object */ = {
			isa = PBXProject;
			attributes = {
				LastSwiftUpdateCheck = 1020;
				LastUpgradeCheck = 1020;
				ORGANIZATIONNAME = "Sudhanshu Sudhanshu";
				TargetAttributes = {
					AD26061E22B10D470068D0A4 = {
						CreatedOnToolsVersion = 10.2.1;
					};
				};
			};
			buildConfigurationList = AD26061A22B10D470068D0A4 /* Build configuration list for PBXProject "TappableLabel" */;
			compatibilityVersion = "Xcode 9.3";
			developmentRegion = en;
			hasScannedForEncodings = 0;
			knownRegions = (
				en,
				Base,
			);
			mainGroup = AD26061622B10D470068D0A4;
			productRefGroup = AD26062022B10D470068D0A4 /* Products */;
			projectDirPath = "";
			projectRoot = "";
			targets = (
				AD26061E22B10D470068D0A4 /* TappableLabel */,
			);
		};
/* End PBXProject section */

/* Begin PBXResourcesBuildPhase section */
		AD26061D22B10D470068D0A4 /* Resources */ = {
			isa = PBXResourcesBuildPhase;
			buildActionMask = 2147483647;
			files = (
				AD26062D22B10D4B0068D0A4 /* LaunchScreen.storyboard in Resources */,
				AD26062A22B10D4B0068D0A4 /* Assets.xcassets in Resources */,
				AD26062822B10D470068D0A4 /* Main.storyboard in Resources */,
			);
			runOnlyForDeploymentPostprocessing = 0;
		};
/* End PBXResourcesBuildPhase section */

/* Begin PBXSourcesBuildPhase section */
		AD26061B22B10D470068D0A4 /* Sources */ = {
			isa = PBXSourcesBuildPhase;
			buildActionMask = 2147483647;
			files = (
				AD26062522B10D470068D0A4 /* ViewController.swift in Sources */,
				AD26062322B10D470068D0A4 /* AppDelegate.swift in Sources */,
				AD26063522B12CC30068D0A4 /* TappableLabel.swift in Sources */,
			);
			runOnlyForDeploymentPostprocessing = 0;
		};
/* End PBXSourcesBuildPhase section */

/* Begin PBXVariantGroup section */
		AD26062622B10D470068D0A4 /* Main.storyboard */ = {
			isa = PBXVariantGroup;
			children = (
				AD26062722B10D470068D0A4 /* Base */,
			);
			name = Main.storyboard;
			sourceTree = "<group>";
		};
		AD26062B22B10D4B0068D0A4 /* LaunchScreen.storyboard */ = {
			isa = PBXVariantGroup;
			children = (
				AD26062C22B10D4B0068D0A4 /* Base */,
			);
			name = LaunchScreen.storyboard;
			sourceTree = "<group>";
		};
/* End PBXVariantGroup section */

/* Begin XCBuildConfiguration section */
		AD26062F22B10D4B0068D0A4 /* Debug */ = {
			isa = XCBuildConfiguration;
			buildSettings = {
				ALWAYS_SEARCH_USER_PATHS = NO;
				CLANG_ANALYZER_NONNULL = YES;
				CLANG_ANALYZER_NUMBER_OBJECT_CONVERSION = YES_AGGRESSIVE;
				CLANG_CXX_LANGUAGE_STANDARD = "gnu++14";
				CLANG_CXX_LIBRARY = "libc++";
				CLANG_ENABLE_MODULES = YES;
				CLANG_ENABLE_OBJC_ARC = YES;
				CLANG_ENABLE_OBJC_WEAK = YES;
				CLANG_WARN_BLOCK_CAPTURE_AUTORELEASING = YES;
				CLANG_WARN_BOOL_CONVERSION = YES;
				CLANG_WARN_COMMA = YES;
				CLANG_WARN_CONSTANT_CONVERSION = YES;
				CLANG_WARN_DEPRECATED_OBJC_IMPLEMENTATIONS = YES;
				CLANG_WARN_DIRECT_OBJC_ISA_USAGE = YES_ERROR;
				CLANG_WARN_DOCUMENTATION_COMMENTS = YES;
				CLANG_WARN_EMPTY_BODY = YES;
				CLANG_WARN_ENUM_CONVERSION = YES;
				CLANG_WARN_INFINITE_RECURSION = YES;
				CLANG_WARN_INT_CONVERSION = YES;
				CLANG_WARN_NON_LITERAL_NULL_CONVERSION = YES;
				CLANG_WARN_OBJC_IMPLICIT_RETAIN_SELF = YES;
				CLANG_WARN_OBJC_LITERAL_CONVERSION = YES;
				CLANG_WARN_OBJC_ROOT_CLASS = YES_ERROR;
				CLANG_WARN_RANGE_LOOP_ANALYSIS = YES;
				CLANG_WARN_STRICT_PROTOTYPES = YES;
				CLANG_WARN_SUSPICIOUS_MOVE = YES;
				CLANG_WARN_UNGUARDED_AVAILABILITY = YES_AGGRESSIVE;
				CLANG_WARN_UNREACHABLE_CODE = YES;
				CLANG_WARN__DUPLICATE_METHOD_MATCH = YES;
				CODE_SIGN_IDENTITY = "iPhone Developer";
				COPY_PHASE_STRIP = NO;
				DEBUG_INFORMATION_FORMAT = dwarf;
				ENABLE_STRICT_OBJC_MSGSEND = YES;
				ENABLE_TESTABILITY = YES;
				GCC_C_LANGUAGE_STANDARD = gnu11;
				GCC_DYNAMIC_NO_PIC = NO;
				GCC_NO_COMMON_BLOCKS = YES;
				GCC_OPTIMIZATION_LEVEL = 0;
				GCC_PREPROCESSOR_DEFINITIONS = (
					"DEBUG=1",
					"$(inherited)",
				);
				GCC_WARN_64_TO_32_BIT_CONVERSION = YES;
				GCC_WARN_ABOUT_RETURN_TYPE = YES_ERROR;
				GCC_WARN_UNDECLARED_SELECTOR = YES;
				GCC_WARN_UNINITIALIZED_AUTOS = YES_AGGRESSIVE;
				GCC_WARN_UNUSED_FUNCTION = YES;
				GCC_WARN_UNUSED_VARIABLE = YES;
				IPHONEOS_DEPLOYMENT_TARGET = 12.2;
				MTL_ENABLE_DEBUG_INFO = INCLUDE_SOURCE;
				MTL_FAST_MATH = YES;
				ONLY_ACTIVE_ARCH = YES;
				SDKROOT = iphoneos;
				SWIFT_ACTIVE_COMPILATION_CONDITIONS = DEBUG;
				SWIFT_OPTIMIZATION_LEVEL = "-Onone";
			};
			name = Debug;
		};
		AD26063022B10D4B0068D0A4 /* Release */ = {
			isa = XCBuildConfiguration;
			buildSettings = {
				ALWAYS_SEARCH_USER_PATHS = NO;
				CLANG_ANALYZER_NONNULL = YES;
				CLANG_ANALYZER_NUMBER_OBJECT_CONVERSION = YES_AGGRESSIVE;
				CLANG_CXX_LANGUAGE_STANDARD = "gnu++14";
				CLANG_CXX_LIBRARY = "libc++";
				CLANG_ENABLE_MODULES = YES;
				CLANG_ENABLE_OBJC_ARC = YES;
				CLANG_ENABLE_OBJC_WEAK = YES;
				CLANG_WARN_BLOCK_CAPTURE_AUTORELEASING = YES;
				CLANG_WARN_BOOL_CONVERSION = YES;
				CLANG_WARN_COMMA = YES;
				CLANG_WARN_CONSTANT_CONVERSION = YES;
				CLANG_WARN_DEPRECATED_OBJC_IMPLEMENTATIONS = YES;
				CLANG_WARN_DIRECT_OBJC_ISA_USAGE = YES_ERROR;
				CLANG_WARN_DOCUMENTATION_COMMENTS = YES;
				CLANG_WARN_EMPTY_BODY = YES;
				CLANG_WARN_ENUM_CONVERSION = YES;
				CLANG_WARN_INFINITE_RECURSION = YES;
				CLANG_WARN_INT_CONVERSION = YES;
				CLANG_WARN_NON_LITERAL_NULL_CONVERSION = YES;
				CLANG_WARN_OBJC_IMPLICIT_RETAIN_SELF = YES;
				CLANG_WARN_OBJC_LITERAL_CONVERSION = YES;
				CLANG_WARN_OBJC_ROOT_CLASS = YES_ERROR;
				CLANG_WARN_RANGE_LOOP_ANALYSIS = YES;
				CLANG_WARN_STRICT_PROTOTYPES = YES;
				CLANG_WARN_SUSPICIOUS_MOVE = YES;
				CLANG_WARN_UNGUARDED_AVAILABILITY = YES_AGGRESSIVE;
				CLANG_WARN_UNREACHABLE_CODE = YES;
				CLANG_WARN__DUPLICATE_METHOD_MATCH = YES;
				CODE_SIGN_IDENTITY = "iPhone Developer";
				COPY_PHASE_STRIP = NO;
				DEBUG_INFORMATION_FORMAT = "dwarf-with-dsym";
				ENABLE_NS_ASSERTIONS = NO;
				ENABLE_STRICT_OBJC_MSGSEND = YES;
				GCC_C_LANGUAGE_STANDARD = gnu11;
				GCC_NO_COMMON_BLOCKS = YES;
				GCC_WARN_64_TO_32_BIT_CONVERSION = YES;
				GCC_WARN_ABOUT_RETURN_TYPE = YES_ERROR;
				GCC_WARN_UNDECLARED_SELECTOR = YES;
				GCC_WARN_UNINITIALIZED_AUTOS = YES_AGGRESSIVE;
				GCC_WARN_UNUSED_FUNCTION = YES;
				GCC_WARN_UNUSED_VARIABLE = YES;
				IPHONEOS_DEPLOYMENT_TARGET = 12.2;
				MTL_ENABLE_DEBUG_INFO = NO;
				MTL_FAST_MATH = YES;
				SDKROOT = iphoneos;
				SWIFT_COMPILATION_MODE = wholemodule;
				SWIFT_OPTIMIZATION_LEVEL = "-O";
				VALIDATE_PRODUCT = YES;
			};
			name = Release;
		};
		AD26063222B10D4B0068D0A4 /* Debug */ = {
			isa = XCBuildConfiguration;
			buildSettings = {
				ASSETCATALOG_COMPILER_APPICON_NAME = AppIcon;
				CODE_SIGN_STYLE = Automatic;
				INFOPLIST_FILE = TappableLabel/Info.plist;
				LD_RUNPATH_SEARCH_PATHS = (
					"$(inherited)",
					"@executable_path/Frameworks",
				);
				PRODUCT_BUNDLE_IDENTIFIER = com.sud.TappableLabel;
				PRODUCT_NAME = "$(TARGET_NAME)";
				SWIFT_VERSION = 5.0;
				TARGETED_DEVICE_FAMILY = "1,2";
			};
			name = Debug;
		};
		AD26063322B10D4B0068D0A4 /* Release */ = {
			isa = XCBuildConfiguration;
			buildSettings = {
				ASSETCATALOG_COMPILER_APPICON_NAME = AppIcon;
				CODE_SIGN_STYLE = Automatic;
				INFOPLIST_FILE = TappableLabel/Info.plist;
				LD_RUNPATH_SEARCH_PATHS = (
					"$(inherited)",
					"@executable_path/Frameworks",
				);
				PRODUCT_BUNDLE_IDENTIFIER = com.sud.TappableLabel;
				PRODUCT_NAME = "$(TARGET_NAME)";
				SWIFT_VERSION = 5.0;
				TARGETED_DEVICE_FAMILY = "1,2";
			};
			name = Release;
		};
/* End XCBuildConfiguration section */

/* Begin XCConfigurationList section */
		AD26061A22B10D470068D0A4 /* Build configuration list for PBXProject "TappableLabel" */ = {
			isa = XCConfigurationList;
			buildConfigurations = (
				AD26062F22B10D4B0068D0A4 /* Debug */,
				AD26063022B10D4B0068D0A4 /* Release */,
			);
			defaultConfigurationIsVisible = 0;
			defaultConfigurationName = Release;
		};
		AD26063122B10D4B0068D0A4 /* Build configuration list for PBXNativeTarget "TappableLabel" */ = {
			isa = XCConfigurationList;
			buildConfigurations = (
				AD26063222B10D4B0068D0A4 /* Debug */,
				AD26063322B10D4B0068D0A4 /* Release */,
			);
			defaultConfigurationIsVisible = 0;
			defaultConfigurationName = Release;
		};
/* End XCConfigurationList section */
	};
	rootObject = AD26061722B10D470068D0A4 /* Project object */;
}
